
Microsoft Visual Studio Solution File, Format Version 12.00
# Visual Studio Version 17
VisualStudioVersion = 17.5.33414.496
MinimumVisualStudioVersion = 10.0.40219.1
Project("{FAE04EC0-301F-11D3-BF4B-00C04F79EFBC}") = "MVCTestProject2", "MVCTestProject2\MVCTestProject2.csproj", "{2B4DC6F0-1690-4070-8726-BC27DEB06FAD}"
EndProject
Global
	GlobalSection(SolutionConfigurationPlatforms) = preSolution
		Debug|Any CPU = Debug|Any CPU
		Release|Any CPU = Release|Any CPU
	EndGlobalSection
	GlobalSection(ProjectConfigurationPlatforms) = postSolution
		{2B4DC6F0-1690-4070-8726-BC27DEB06FAD}.Debug|Any CPU.ActiveCfg = Debug|Any CPU
		{2B4DC6F0-1690-4070-8726-BC27DEB06FAD}.Debug|Any CPU.Build.0 = Debug|Any CPU
		{2B4DC6F0-1690-4070-8726-BC27DEB06FAD}.Release|Any CPU.ActiveCfg = Release|Any CPU
		{2B4DC6F0-1690-4070-8726-BC27DEB06FAD}.Release|Any CPU.Build.0 = Release|Any CPU
	EndGlobalSection
	GlobalSection(SolutionProperties) = preSolution
		HideSolutionNode = FALSE
	EndGlobalSection
	GlobalSection(ExtensibilityGlobals) = postSolution
		SolutionGuid = {84C77CCA-12AD-46F7-B77C-407DE52EE60A}
	EndGlobalSection
EndGlobal
